
Microsoft Visual Studio Solution File, Format Version 12.00
# Visual Studio Version 17
VisualStudioVersion = 17.4.33213.308
MinimumVisualStudioVersion = 10.0.40219.1
Project("{FAE04EC0-301F-11D3-BF4B-00C04F79EFBC}") = "Examen1_Definitivo", "Examen1_Definitivo.csproj", "{DB3A5CB5-D0AB-4011-BFB4-D95D51B085FB}"
EndProject
Global
	GlobalSection(SolutionConfigurationPlatforms) = preSolution
		Debug|Any CPU = Debug|Any CPU
		Release|Any CPU = Release|Any CPU
	EndGlobalSection
	GlobalSection(ProjectConfigurationPlatforms) = postSolution
		{DB3A5CB5-D0AB-4011-BFB4-D95D51B085FB}.Debug|Any CPU.ActiveCfg = Debug|Any CPU
		{DB3A5CB5-D0AB-4011-BFB4-D95D51B085FB}.Debug|Any CPU.Build.0 = Debug|Any CPU
		{DB3A5CB5-D0AB-4011-BFB4-D95D51B085FB}.Release|Any CPU.ActiveCfg = Release|Any CPU
		{DB3A5CB5-D0AB-4011-BFB4-D95D51B085FB}.Release|Any CPU.Build.0 = Release|Any CPU
	EndGlobalSection
	GlobalSection(SolutionProperties) = preSolution
		HideSolutionNode = FALSE
	EndGlobalSection
	GlobalSection(ExtensibilityGlobals) = postSolution
		SolutionGuid = {D79C5652-C095-4BCE-B3AB-F1F505D3A133}
	EndGlobalSection
EndGlobal
